
Microsoft Visual Studio Solution File, Format Version 12.00
# Visual Studio Version 16
VisualStudioVersion = 16.0.30128.74
MinimumVisualStudioVersion = 10.0.40219.1
Project("{FAE04EC0-301F-11D3-BF4B-00C04F79EFBC}") = "TeamSourceControlDemo", "TeamSourceControlDemo\TeamSourceControlDemo.csproj", "{7DB69068-358D-4B0C-AEF9-B292E1665615}"
EndProject
Global
	GlobalSection(SolutionConfigurationPlatforms) = preSolution
		Debug|Any CPU = Debug|Any CPU
		Release|Any CPU = Release|Any CPU
	EndGlobalSection
	GlobalSection(ProjectConfigurationPlatforms) = postSolution
		{7DB69068-358D-4B0C-AEF9-B292E1665615}.Debug|Any CPU.ActiveCfg = Debug|Any CPU
		{7DB69068-358D-4B0C-AEF9-B292E1665615}.Debug|Any CPU.Build.0 = Debug|Any CPU
		{7DB69068-358D-4B0C-AEF9-B292E1665615}.Release|Any CPU.ActiveCfg = Release|Any CPU
		{7DB69068-358D-4B0C-AEF9-B292E1665615}.Release|Any CPU.Build.0 = Release|Any CPU
	EndGlobalSection
	GlobalSection(SolutionProperties) = preSolution
		HideSolutionNode = FALSE
	EndGlobalSection
	GlobalSection(ExtensibilityGlobals) = postSolution
		SolutionGuid = {22EDE3C2-93E0-4057-888E-3EFA57C5F34F}
	EndGlobalSection
EndGlobal
